
Microsoft Visual Studio Solution File, Format Version 12.00
# Visual Studio Version 16
VisualStudioVersion = 16.0.30011.22
MinimumVisualStudioVersion = 10.0.40219.1
Project("{2150E333-8FDC-42A3-9474-1A3956D46DE8}") = "src", "src", "{0180BDF5-9C4E-402D-A33C-20306F303EB7}"
EndProject
Project("{2150E333-8FDC-42A3-9474-1A3956D46DE8}") = "ApiGateways", "ApiGateways", "{A1660B09-3298-4A04-9A92-501161166F4A}"
EndProject
Project("{2150E333-8FDC-42A3-9474-1A3956D46DE8}") = "BuildingBlocks", "BuildingBlocks", "{587734DE-90A2-499A-AE80-9CCCBAB54E98}"
EndProject
Project("{2150E333-8FDC-42A3-9474-1A3956D46DE8}") = "ServiceRd", "ServiceRd", "{92D93D24-C015-4F76-AEB3-00345E6AA6A0}"
EndProject
Project("{2150E333-8FDC-42A3-9474-1A3956D46DE8}") = "WebHost", "WebHost", "{7938DAE3-BAAB-4B9D-81CD-64E796C65218}"
EndProject
Project("{2150E333-8FDC-42A3-9474-1A3956D46DE8}") = "Services", "Services", "{0B58249F-8CFC-49F6-8B0B-87FF67A80CAF}"
EndProject
Project("{2150E333-8FDC-42A3-9474-1A3956D46DE8}") = "Basket", "Basket", "{1FFAC026-2A5F-419E-85EE-BA95E39AA5DB}"
EndProject
Project("{2150E333-8FDC-42A3-9474-1A3956D46DE8}") = "Catalog", "Catalog", "{6F6B1BB2-C1C5-4A52-8DD8-364B5810453B}"
EndProject
Project("{2150E333-8FDC-42A3-9474-1A3956D46DE8}") = "Web", "Web", "{5405EBDE-6D62-46F4-B6EC-B7EE632337FB}"
EndProject
Project("{FAE04EC0-301F-11D3-BF4B-00C04F79EFBC}") = "OcelotGw", "src\ApiGateways\OcelotGw\OcelotGw.csproj", "{FC1FEC4F-EEE1-41B0-BAF4-AFA4F02F8261}"
EndProject
Project("{FAE04EC0-301F-11D3-BF4B-00C04F79EFBC}") = "Consul.Custom", "src\BuildingBlocks\ServiceRd\Consul.Custom\Consul.Custom.csproj", "{DA1CCF7F-2777-4237-80D8-CFF48991B3A2}"
EndProject
Project("{FAE04EC0-301F-11D3-BF4B-00C04F79EFBC}") = "Basket.API", "src\Services\Basket\Basket.API\Basket.API.csproj", "{EC37A542-F9FF-4480-8FD3-CA372A141A4F}"
EndProject
Project("{FAE04EC0-301F-11D3-BF4B-00C04F79EFBC}") = "Catalog.API", "src\Services\Catalog\Catalog.API\Catalog.API.csproj", "{E2F43CFA-08C2-4272-B601-E50167351669}"
EndProject
Project("{FAE04EC0-301F-11D3-BF4B-00C04F79EFBC}") = "TaskScheduler.Web", "src\Web\TaskScheduler.Web\TaskScheduler.Web.csproj", "{9931C7AB-A142-429D-BCC7-3E6B9E77C831}"
EndProject
Global
	GlobalSection(SolutionConfigurationPlatforms) = preSolution
		Debug|Any CPU = Debug|Any CPU
		Release|Any CPU = Release|Any CPU
	EndGlobalSection
	GlobalSection(ProjectConfigurationPlatforms) = postSolution
		{FC1FEC4F-EEE1-41B0-BAF4-AFA4F02F8261}.Debug|Any CPU.ActiveCfg = Debug|Any CPU
		{FC1FEC4F-EEE1-41B0-BAF4-AFA4F02F8261}.Debug|Any CPU.Build.0 = Debug|Any CPU
		{FC1FEC4F-EEE1-41B0-BAF4-AFA4F02F8261}.Release|Any CPU.ActiveCfg = Release|Any CPU
		{FC1FEC4F-EEE1-41B0-BAF4-AFA4F02F8261}.Release|Any CPU.Build.0 = Release|Any CPU
		{DA1CCF7F-2777-4237-80D8-CFF48991B3A2}.Debug|Any CPU.ActiveCfg = Debug|Any CPU
		{DA1CCF7F-2777-4237-80D8-CFF48991B3A2}.Debug|Any CPU.Build.0 = Debug|Any CPU
		{DA1CCF7F-2777-4237-80D8-CFF48991B3A2}.Release|Any CPU.ActiveCfg = Release|Any CPU
		{DA1CCF7F-2777-4237-80D8-CFF48991B3A2}.Release|Any CPU.Build.0 = Release|Any CPU
		{EC37A542-F9FF-4480-8FD3-CA372A141A4F}.Debug|Any CPU.ActiveCfg = Debug|Any CPU
		{EC37A542-F9FF-4480-8FD3-CA372A141A4F}.Debug|Any CPU.Build.0 = Debug|Any CPU
		{EC37A542-F9FF-4480-8FD3-CA372A141A4F}.Release|Any CPU.ActiveCfg = Release|Any CPU
		{EC37A542-F9FF-4480-8FD3-CA372A141A4F}.Release|Any CPU.Build.0 = Release|Any CPU
		{E2F43CFA-08C2-4272-B601-E50167351669}.Debug|Any CPU.ActiveCfg = Debug|Any CPU
		{E2F43CFA-08C2-4272-B601-E50167351669}.Debug|Any CPU.Build.0 = Debug|Any CPU
		{E2F43CFA-08C2-4272-B601-E50167351669}.Release|Any CPU.ActiveCfg = Release|Any CPU
		{E2F43CFA-08C2-4272-B601-E50167351669}.Release|Any CPU.Build.0 = Release|Any CPU
		{9931C7AB-A142-429D-BCC7-3E6B9E77C831}.Debug|Any CPU.ActiveCfg = Debug|Any CPU
		{9931C7AB-A142-429D-BCC7-3E6B9E77C831}.Debug|Any CPU.Build.0 = Debug|Any CPU
		{9931C7AB-A142-429D-BCC7-3E6B9E77C831}.Release|Any CPU.ActiveCfg = Release|Any CPU
		{9931C7AB-A142-429D-BCC7-3E6B9E77C831}.Release|Any CPU.Build.0 = Release|Any CPU
	EndGlobalSection
	GlobalSection(SolutionProperties) = preSolution
		HideSolutionNode = FALSE
	EndGlobalSection
	GlobalSection(NestedProjects) = preSolution
		{A1660B09-3298-4A04-9A92-501161166F4A} = {0180BDF5-9C4E-402D-A33C-20306F303EB7}
		{587734DE-90A2-499A-AE80-9CCCBAB54E98} = {0180BDF5-9C4E-402D-A33C-20306F303EB7}
		{92D93D24-C015-4F76-AEB3-00345E6AA6A0} = {587734DE-90A2-499A-AE80-9CCCBAB54E98}
		{7938DAE3-BAAB-4B9D-81CD-64E796C65218} = {587734DE-90A2-499A-AE80-9CCCBAB54E98}
		{0B58249F-8CFC-49F6-8B0B-87FF67A80CAF} = {0180BDF5-9C4E-402D-A33C-20306F303EB7}
		{1FFAC026-2A5F-419E-85EE-BA95E39AA5DB} = {0B58249F-8CFC-49F6-8B0B-87FF67A80CAF}
		{6F6B1BB2-C1C5-4A52-8DD8-364B5810453B} = {0B58249F-8CFC-49F6-8B0B-87FF67A80CAF}
		{5405EBDE-6D62-46F4-B6EC-B7EE632337FB} = {0180BDF5-9C4E-402D-A33C-20306F303EB7}
		{FC1FEC4F-EEE1-41B0-BAF4-AFA4F02F8261} = {A1660B09-3298-4A04-9A92-501161166F4A}
		{DA1CCF7F-2777-4237-80D8-CFF48991B3A2} = {92D93D24-C015-4F76-AEB3-00345E6AA6A0}
		{EC37A542-F9FF-4480-8FD3-CA372A141A4F} = {1FFAC026-2A5F-419E-85EE-BA95E39AA5DB}
		{E2F43CFA-08C2-4272-B601-E50167351669} = {6F6B1BB2-C1C5-4A52-8DD8-364B5810453B}
		{9931C7AB-A142-429D-BCC7-3E6B9E77C831} = {5405EBDE-6D62-46F4-B6EC-B7EE632337FB}
	EndGlobalSection
	GlobalSection(ExtensibilityGlobals) = postSolution
		SolutionGuid = {1514462B-8614-4B6C-8FE9-06D4DBA5E9E3}
	EndGlobalSection
EndGlobal
